
Microsoft Visual Studio Solution File, Format Version 12.00
# Visual Studio 14
VisualStudioVersion = 14.0.24720.0
MinimumVisualStudioVersion = 10.0.40219.1
Project("{FAE04EC0-301F-11D3-BF4B-00C04F79EFBC}") = "Advent-1", "Advent-1\Advent-1.csproj", "{E1957014-A107-4C66-ACE0-22F16189D538}"
EndProject
Project("{FAE04EC0-301F-11D3-BF4B-00C04F79EFBC}") = "Advent-2", "Advent-2\Advent-2\Advent-2.csproj", "{3E28D014-D040-4B6E-B67B-8E217608EB06}"
EndProject
Project("{FAE04EC0-301F-11D3-BF4B-00C04F79EFBC}") = "Advent-3", "Advent-3\Advent-3.csproj", "{0F3E3A20-EDA1-41AD-9C35-018F406A08D9}"
EndProject
Project("{FAE04EC0-301F-11D3-BF4B-00C04F79EFBC}") = "Advent-4", "Advent-4\Advent-4.csproj", "{B1115D4B-AB55-482E-83B7-074FF356A110}"
EndProject
Project("{FAE04EC0-301F-11D3-BF4B-00C04F79EFBC}") = "Advent-5", "Advent-5\Advent-5.csproj", "{DBD14785-0B6C-4B19-B38A-F228EEAE1D4C}"
EndProject
Global
	GlobalSection(SolutionConfigurationPlatforms) = preSolution
		Debug|Any CPU = Debug|Any CPU
		Release|Any CPU = Release|Any CPU
	EndGlobalSection
	GlobalSection(ProjectConfigurationPlatforms) = postSolution
		{E1957014-A107-4C66-ACE0-22F16189D538}.Debug|Any CPU.ActiveCfg = Debug|Any CPU
		{E1957014-A107-4C66-ACE0-22F16189D538}.Debug|Any CPU.Build.0 = Debug|Any CPU
		{E1957014-A107-4C66-ACE0-22F16189D538}.Release|Any CPU.ActiveCfg = Release|Any CPU
		{E1957014-A107-4C66-ACE0-22F16189D538}.Release|Any CPU.Build.0 = Release|Any CPU
		{3E28D014-D040-4B6E-B67B-8E217608EB06}.Debug|Any CPU.ActiveCfg = Debug|Any CPU
		{3E28D014-D040-4B6E-B67B-8E217608EB06}.Debug|Any CPU.Build.0 = Debug|Any CPU
		{3E28D014-D040-4B6E-B67B-8E217608EB06}.Release|Any CPU.ActiveCfg = Release|Any CPU
		{3E28D014-D040-4B6E-B67B-8E217608EB06}.Release|Any CPU.Build.0 = Release|Any CPU
		{0F3E3A20-EDA1-41AD-9C35-018F406A08D9}.Debug|Any CPU.ActiveCfg = Debug|Any CPU
		{0F3E3A20-EDA1-41AD-9C35-018F406A08D9}.Debug|Any CPU.Build.0 = Debug|Any CPU
		{0F3E3A20-EDA1-41AD-9C35-018F406A08D9}.Release|Any CPU.ActiveCfg = Release|Any CPU
		{0F3E3A20-EDA1-41AD-9C35-018F406A08D9}.Release|Any CPU.Build.0 = Release|Any CPU
		{B1115D4B-AB55-482E-83B7-074FF356A110}.Debug|Any CPU.ActiveCfg = Debug|Any CPU
		{B1115D4B-AB55-482E-83B7-074FF356A110}.Debug|Any CPU.Build.0 = Debug|Any CPU
		{B1115D4B-AB55-482E-83B7-074FF356A110}.Release|Any CPU.ActiveCfg = Release|Any CPU
		{B1115D4B-AB55-482E-83B7-074FF356A110}.Release|Any CPU.Build.0 = Release|Any CPU
		{DBD14785-0B6C-4B19-B38A-F228EEAE1D4C}.Debug|Any CPU.ActiveCfg = Debug|Any CPU
		{DBD14785-0B6C-4B19-B38A-F228EEAE1D4C}.Debug|Any CPU.Build.0 = Debug|Any CPU
		{DBD14785-0B6C-4B19-B38A-F228EEAE1D4C}.Release|Any CPU.ActiveCfg = Release|Any CPU
		{DBD14785-0B6C-4B19-B38A-F228EEAE1D4C}.Release|Any CPU.Build.0 = Release|Any CPU
	EndGlobalSection
	GlobalSection(SolutionProperties) = preSolution
		HideSolutionNode = FALSE
	EndGlobalSection
EndGlobal
